
Microsoft Visual Studio Solution File, Format Version 12.00
# Visual Studio Version 16
VisualStudioVersion = 16.0.30011.22
MinimumVisualStudioVersion = 10.0.40219.1
Project("{FAE04EC0-301F-11D3-BF4B-00C04F79EFBC}") = "Northwind_tests", "Northwind_tests\Northwind_tests.csproj", "{C3A971DF-76AE-4B77-B60F-DD238CBCEA9A}"
EndProject
Global
	GlobalSection(SolutionConfigurationPlatforms) = preSolution
		Debug|Any CPU = Debug|Any CPU
		Release|Any CPU = Release|Any CPU
	EndGlobalSection
	GlobalSection(ProjectConfigurationPlatforms) = postSolution
		{C3A971DF-76AE-4B77-B60F-DD238CBCEA9A}.Debug|Any CPU.ActiveCfg = Debug|Any CPU
		{C3A971DF-76AE-4B77-B60F-DD238CBCEA9A}.Debug|Any CPU.Build.0 = Debug|Any CPU
		{C3A971DF-76AE-4B77-B60F-DD238CBCEA9A}.Release|Any CPU.ActiveCfg = Release|Any CPU
		{C3A971DF-76AE-4B77-B60F-DD238CBCEA9A}.Release|Any CPU.Build.0 = Release|Any CPU
	EndGlobalSection
	GlobalSection(SolutionProperties) = preSolution
		HideSolutionNode = FALSE
	EndGlobalSection
	GlobalSection(ExtensibilityGlobals) = postSolution
		SolutionGuid = {549836DE-6000-437B-BBB2-011B58BE2C76}
	EndGlobalSection
EndGlobal
